<?xml version="1.0" encoding="utf-8"?>
<Project ToolsVersion="4.0" xmlns="http://schemas.microsoft.com/developer/msbuild/2003">
  <ItemGroup>
    <Filter Include="Source Files">
      <UniqueIdentifier>{b2dcf913-6b2b-4d7b-be3f-4356cd819829}</UniqueIdentifier>
      <Extensions>cpp;c;cxx;rc;def;r;odl;idl;hpj;bat</Extensions>
    </Filter>
    <Filter Include="Header Files">
      <UniqueIdentifier>{51355b32-8944-4e9a-99c0-d0d986629bd9}</UniqueIdentifier>
      <Extensions>h;hpp;hxx;hm;inl</Extensions>
    </Filter>
    <Filter Include="Resource Files">
      <UniqueIdentifier>{9400d5f4-bdcb-4fcb-b082-8569e6f3e0df}</UniqueIdentifier>
      <Extensions>ico;cur;bmp;dlg;rc2;rct;bin;rgs;gif;jpg;jpeg;jpe</Extensions>
    </Filter>
  </ItemGroup>
  <ItemGroup>
    <ClCompile Include="bspedit.cpp">
      <Filter>Source Files</Filter>
    </ClCompile>
    <ClCompile Include="editor.cpp">
      <Filter>Source Files</Filter>
    </ClCompile>
    <ClCompile Include="effectedit.cpp">
      <Filter>Source Files</Filter>
    </ClCompile>
    <ClCompile Include="engineinfo.cpp">
      <Filter>Source Files</Filter>
    </ClCompile>
    <ClCompile Include="geoedit.cpp">
      <Filter>Source Files</Filter>
    </ClCompile>
    <ClCompile Include="helpdlg.cpp">
      <Filter>Source Files</Filter>
    </ClCompile>
    <ClCompile Include="lightedit.cpp">
      <Filter>Source Files</Filter>
    </ClCompile>
    <ClCompile Include="mainform.cpp">
      <Filter>Source Files</Filter>
    </ClCompile>
    <ClCompile Include="renderview.cpp">
      <Filter>Source Files</Filter>
    </ClCompile>
    <ClCompile Include="shaderedit.cpp">
      <Filter>Source Files</Filter>
    </ClCompile>
    <ClCompile Include="StdAfx.cpp">
      <Filter>Source Files</Filter>
    </ClCompile>
    <ClCompile Include="texchoose.cpp">
      <Filter>Source Files</Filter>
    </ClCompile>
  </ItemGroup>
  <ItemGroup>
    <None Include="editor.def">
      <Filter>Source Files</Filter>
    </None>
    <None Include="res\editor.rc2">
      <Filter>Resource Files</Filter>
    </None>
  </ItemGroup>
  <ItemGroup>
    <ResourceCompile Include="editor.rc">
      <Filter>Source Files</Filter>
    </ResourceCompile>
  </ItemGroup>
  <ItemGroup>
    <ClInclude Include="bspedit.h">
      <Filter>Header Files</Filter>
    </ClInclude>
    <ClInclude Include="editor.h">
      <Filter>Header Files</Filter>
    </ClInclude>
    <ClInclude Include="effectedit.h">
      <Filter>Header Files</Filter>
    </ClInclude>
    <ClInclude Include="engineinfo.h">
      <Filter>Header Files</Filter>
    </ClInclude>
    <ClInclude Include="geoedit.h">
      <Filter>Header Files</Filter>
    </ClInclude>
    <ClInclude Include="helpdlg.h">
      <Filter>Header Files</Filter>
    </ClInclude>
    <ClInclude Include="lightedit.h">
      <Filter>Header Files</Filter>
    </ClInclude>
    <ClInclude Include="mainform.h">
      <Filter>Header Files</Filter>
    </ClInclude>
    <ClInclude Include="renderview.h">
      <Filter>Header Files</Filter>
    </ClInclude>
    <ClInclude Include="Resource.h">
      <Filter>Header Files</Filter>
    </ClInclude>
    <ClInclude Include="shaderedit.h">
      <Filter>Header Files</Filter>
    </ClInclude>
    <ClInclude Include="StdAfx.h">
      <Filter>Header Files</Filter>
    </ClInclude>
    <ClInclude Include="texchoose.h">
      <Filter>Header Files</Filter>
    </ClInclude>
  </ItemGroup>
  <ItemGroup>
    <Image Include="494.ico">
      <Filter>Resource Files</Filter>
    </Image>
    <Image Include="989.ico">
      <Filter>Resource Files</Filter>
    </Image>
    <Image Include="atomic.bmp">
      <Filter>Resource Files</Filter>
    </Image>
    <Image Include="bitmap1.bmp">
      <Filter>Resource Files</Filter>
    </Image>
    <Image Include="bmp00001.bmp">
      <Filter>Resource Files</Filter>
    </Image>
    <Image Include="bmp00002.bmp">
      <Filter>Resource Files</Filter>
    </Image>
    <Image Include="bmp00003.bmp">
      <Filter>Resource Files</Filter>
    </Image>
    <Image Include="bmp00004.bmp">
      <Filter>Resource Files</Filter>
    </Image>
    <Image Include="bmp00005.bmp">
      <Filter>Resource Files</Filter>
    </Image>
    <Image Include="icon1.ico">
      <Filter>Resource Files</Filter>
    </Image>
  </ItemGroup>
</Project>