<?xml version="1.0" encoding="utf-8"?>
<Project ToolsVersion="4.0" xmlns="http://schemas.microsoft.com/developer/msbuild/2003">
  <ItemGroup>
    <Filter Include="component">
      <UniqueIdentifier>{e9cc0c31-f328-4e9c-bfa2-101485527852}</UniqueIdentifier>
      <Extensions>cpp;c;cxx;rc;def;r;odl;idl;hpj;bat</Extensions>
    </Filter>
    <Filter Include="interface">
      <UniqueIdentifier>{bb35d9d9-1573-418e-8927-d31f68038a1f}</UniqueIdentifier>
      <Extensions>h;hpp;hxx;hm;inl</Extensions>
    </Filter>
    <Filter Include="Resource Files">
      <UniqueIdentifier>{dc7fd794-6e6c-413e-a002-70da3436d5b5}</UniqueIdentifier>
      <Extensions>ico;cur;bmp;dlg;rc2;rct;bin;rgs;gif;jpg;jpeg;jpe</Extensions>
    </Filter>
  </ItemGroup>
  <ItemGroup>
    <ClInclude Include="compability.h">
      <Filter>component</Filter>
    </ClInclude>
    <ClInclude Include="errorreport.h">
      <Filter>component</Filter>
    </ClInclude>
    <ClInclude Include="headers.h">
      <Filter>component</Filter>
    </ClInclude>
    <ClInclude Include="ogg.h">
      <Filter>component</Filter>
    </ClInclude>
    <ClInclude Include="silence.h">
      <Filter>component</Filter>
    </ClInclude>
    <ClInclude Include="spatial.h">
      <Filter>component</Filter>
    </ClInclude>
    <ClInclude Include="static.h">
      <Filter>component</Filter>
    </ClInclude>
    <ClInclude Include="stream.h">
      <Filter>component</Filter>
    </ClInclude>
    <ClInclude Include="..\shared\audio.h">
      <Filter>interface</Filter>
    </ClInclude>
    <ClInclude Include="..\Includes\Ogg\include\ogg\ogg.h">
      <Filter>interface</Filter>
    </ClInclude>
    <ClInclude Include="..\Includes\Ogg\include\ogg\os_types.h">
      <Filter>interface</Filter>
    </ClInclude>
  </ItemGroup>
  <ItemGroup>
    <ClCompile Include="component.cpp">
      <Filter>component</Filter>
    </ClCompile>
    <ClCompile Include="ogg.cpp">
      <Filter>component</Filter>
    </ClCompile>
    <ClCompile Include="spatial.cpp">
      <Filter>component</Filter>
    </ClCompile>
    <ClCompile Include="static.cpp">
      <Filter>component</Filter>
    </ClCompile>
    <ClCompile Include="stream.cpp">
      <Filter>component</Filter>
    </ClCompile>
  </ItemGroup>
</Project>